version = 1
requires-python = ">=3.10"

[[package]]
name = "colorama"
version = "0.4.6"
source = { registry = "https://pypi.org/simple" }
sdist = { url = "https://files.pythonhosted.org/packages/d8/53/6f443c9a4a8358a93a6792e2acffb9d9d5cb0a5cfd8802644b7b1c9a02e4/colorama-0.4.6.tar.gz", hash = "sha256:08695f5cb7ed6e0531a20572697297273c47b8cae5a63ffc6d6ed5c201be6e44", size = 27697 }
wheels = [
    { url = "https://files.pythonhosted.org/packages/d1/d6/3965ed04c63042e047cb6a3e6ed1a63a35087b6a609aa3a15ed8ac56c221/colorama-0.4.6-py2.py3-none-any.whl", hash = "sha256:4f1d9991f5acc0ca119f9d443620b77f9d6b33703e51011c16baf57afb285fc6", size = 25335 },
]

[[package]]
name = "coverage"
version = "7.6.1"
source = { registry = "https://pypi.org/simple" }
sdist = { url = "https://files.pythonhosted.org/packages/f7/08/7e37f82e4d1aead42a7443ff06a1e406aabf7302c4f00a546e4b320b994c/coverage-7.6.1.tar.gz", hash = "sha256:953510dfb7b12ab69d20135a0662397f077c59b1e6379a768e97c59d852ee51d", size = 798791 }
wheels = [
    { url = "https://files.pythonhosted.org/packages/7e/61/eb7ce5ed62bacf21beca4937a90fe32545c91a3c8a42a30c6616d48fc70d/coverage-7.6.1-cp310-cp310-macosx_10_9_x86_64.whl", hash = "sha256:b06079abebbc0e89e6163b8e8f0e16270124c154dc6e4a47b413dd538859af16", size = 206690 },
    { url = "https://files.pythonhosted.org/packages/7d/73/041928e434442bd3afde5584bdc3f932fb4562b1597629f537387cec6f3d/coverage-7.6.1-cp310-cp310-macosx_11_0_arm64.whl", hash = "sha256:cf4b19715bccd7ee27b6b120e7e9dd56037b9c0681dcc1adc9ba9db3d417fa36", size = 207127 },
    { url = "https://files.pythonhosted.org/packages/c7/c8/6ca52b5147828e45ad0242388477fdb90df2c6cbb9a441701a12b3c71bc8/coverage-7.6.1-cp310-cp310-manylinux_2_17_aarch64.manylinux2014_aarch64.whl", hash = "sha256:e61c0abb4c85b095a784ef23fdd4aede7a2628478e7baba7c5e3deba61070a02", size = 235654 },
    { url = "https://files.pythonhosted.org/packages/d5/da/9ac2b62557f4340270942011d6efeab9833648380109e897d48ab7c1035d/coverage-7.6.1-cp310-cp310-manylinux_2_5_i686.manylinux1_i686.manylinux_2_17_i686.manylinux2014_i686.whl", hash = "sha256:fd21f6ae3f08b41004dfb433fa895d858f3f5979e7762d052b12aef444e29afc", size = 233598 },
    { url = "https://files.pythonhosted.org/packages/53/23/9e2c114d0178abc42b6d8d5281f651a8e6519abfa0ef460a00a91f80879d/coverage-7.6.1-cp310-cp310-manylinux_2_5_x86_64.manylinux1_x86_64.manylinux_2_17_x86_64.manylinux2014_x86_64.whl", hash = "sha256:8f59d57baca39b32db42b83b2a7ba6f47ad9c394ec2076b084c3f029b7afca23", size = 234732 },
    { url = "https://files.pythonhosted.org/packages/0f/7e/a0230756fb133343a52716e8b855045f13342b70e48e8ad41d8a0d60ab98/coverage-7.6.1-cp310-cp310-musllinux_1_2_aarch64.whl", hash = "sha256:a1ac0ae2b8bd743b88ed0502544847c3053d7171a3cff9228af618a068ed9c34", size = 233816 },
    { url = "https://files.pythonhosted.org/packages/28/7c/3753c8b40d232b1e5eeaed798c875537cf3cb183fb5041017c1fdb7ec14e/coverage-7.6.1-cp310-cp310-musllinux_1_2_i686.whl", hash = "sha256:e6a08c0be454c3b3beb105c0596ebdc2371fab6bb90c0c0297f4e58fd7e1012c", size = 232325 },
    { url = "https://files.pythonhosted.org/packages/57/e3/818a2b2af5b7573b4b82cf3e9f137ab158c90ea750a8f053716a32f20f06/coverage-7.6.1-cp310-cp310-musllinux_1_2_x86_64.whl", hash = "sha256:f5796e664fe802da4f57a168c85359a8fbf3eab5e55cd4e4569fbacecc903959", size = 233418 },
    { url = "https://files.pythonhosted.org/packages/c8/fb/4532b0b0cefb3f06d201648715e03b0feb822907edab3935112b61b885e2/coverage-7.6.1-cp310-cp310-win32.whl", hash = "sha256:7bb65125fcbef8d989fa1dd0e8a060999497629ca5b0efbca209588a73356232", size = 209343 },
    { url = "https://files.pythonhosted.org/packages/5a/25/af337cc7421eca1c187cc9c315f0a755d48e755d2853715bfe8c418a45fa/coverage-7.6.1-cp310-cp310-win_amd64.whl", hash = "sha256:3115a95daa9bdba70aea750db7b96b37259a81a709223c8448fa97727d546fe0", size = 210136 },
    { url = "https://files.pythonhosted.org/packages/ad/5f/67af7d60d7e8ce61a4e2ddcd1bd5fb787180c8d0ae0fbd073f903b3dd95d/coverage-7.6.1-cp311-cp311-macosx_10_9_x86_64.whl", hash = "sha256:7dea0889685db8550f839fa202744652e87c60015029ce3f60e006f8c4462c93", size = 206796 },
    { url = "https://files.pythonhosted.org/packages/e1/0e/e52332389e057daa2e03be1fbfef25bb4d626b37d12ed42ae6281d0a274c/coverage-7.6.1-cp311-cp311-macosx_11_0_arm64.whl", hash = "sha256:ed37bd3c3b063412f7620464a9ac1314d33100329f39799255fb8d3027da50d3", size = 207244 },
    { url = "https://files.pythonhosted.org/packages/aa/cd/766b45fb6e090f20f8927d9c7cb34237d41c73a939358bc881883fd3a40d/coverage-7.6.1-cp311-cp311-manylinux_2_17_aarch64.manylinux2014_aarch64.whl", hash = "sha256:d85f5e9a5f8b73e2350097c3756ef7e785f55bd71205defa0bfdaf96c31616ff", size = 239279 },
    { url = "https://files.pythonhosted.org/packages/70/6c/a9ccd6fe50ddaf13442a1e2dd519ca805cbe0f1fcd377fba6d8339b98ccb/coverage-7.6.1-cp311-cp311-manylinux_2_5_i686.manylinux1_i686.manylinux_2_17_i686.manylinux2014_i686.whl", hash = "sha256:9bc572be474cafb617672c43fe989d6e48d3c83af02ce8de73fff1c6bb3c198d", size = 236859 },
    { url = "https://files.pythonhosted.org/packages/14/6f/8351b465febb4dbc1ca9929505202db909c5a635c6fdf33e089bbc3d7d85/coverage-7.6.1-cp311-cp311-manylinux_2_5_x86_64.manylinux1_x86_64.manylinux_2_17_x86_64.manylinux2014_x86_64.whl", hash = "sha256:0c0420b573964c760df9e9e86d1a9a622d0d27f417e1a949a8a66dd7bcee7bc6", size = 238549 },
    { url = "https://files.pythonhosted.org/packages/68/3c/289b81fa18ad72138e6d78c4c11a82b5378a312c0e467e2f6b495c260907/coverage-7.6.1-cp311-cp311-musllinux_1_2_aarch64.whl", hash = "sha256:1f4aa8219db826ce6be7099d559f8ec311549bfc4046f7f9fe9b5cea5c581c56", size = 237477 },
    { url = "https://files.pythonhosted.org/packages/ed/1c/aa1efa6459d822bd72c4abc0b9418cf268de3f60eeccd65dc4988553bd8d/coverage-7.6.1-cp311-cp311-musllinux_1_2_i686.whl", hash = "sha256:fc5a77d0c516700ebad189b587de289a20a78324bc54baee03dd486f0855d234", size = 236134 },
    { url = "https://files.pythonhosted.org/packages/fb/c8/521c698f2d2796565fe9c789c2ee1ccdae610b3aa20b9b2ef980cc253640/coverage-7.6.1-cp311-cp311-musllinux_1_2_x86_64.whl", hash = "sha256:b48f312cca9621272ae49008c7f613337c53fadca647d6384cc129d2996d1133", size = 236910 },
    { url = "https://files.pythonhosted.org/packages/7d/30/033e663399ff17dca90d793ee8a2ea2890e7fdf085da58d82468b4220bf7/coverage-7.6.1-cp311-cp311-win32.whl", hash = "sha256:1125ca0e5fd475cbbba3bb67ae20bd2c23a98fac4e32412883f9bcbaa81c314c", size = 209348 },
    { url = "https://files.pythonhosted.org/packages/20/05/0d1ccbb52727ccdadaa3ff37e4d2dc1cd4d47f0c3df9eb58d9ec8508ca88/coverage-7.6.1-cp311-cp311-win_amd64.whl", hash = "sha256:8ae539519c4c040c5ffd0632784e21b2f03fc1340752af711f33e5be83a9d6c6", size = 210230 },
    { url = "https://files.pythonhosted.org/packages/7e/d4/300fc921dff243cd518c7db3a4c614b7e4b2431b0d1145c1e274fd99bd70/coverage-7.6.1-cp312-cp312-macosx_10_9_x86_64.whl", hash = "sha256:95cae0efeb032af8458fc27d191f85d1717b1d4e49f7cb226cf526ff28179778", size = 206983 },
    { url = "https://files.pythonhosted.org/packages/e1/ab/6bf00de5327ecb8db205f9ae596885417a31535eeda6e7b99463108782e1/coverage-7.6.1-cp312-cp312-macosx_11_0_arm64.whl", hash = "sha256:5621a9175cf9d0b0c84c2ef2b12e9f5f5071357c4d2ea6ca1cf01814f45d2391", size = 207221 },
    { url = "https://files.pythonhosted.org/packages/92/8f/2ead05e735022d1a7f3a0a683ac7f737de14850395a826192f0288703472/coverage-7.6.1-cp312-cp312-manylinux_2_17_aarch64.manylinux2014_aarch64.whl", hash = "sha256:260933720fdcd75340e7dbe9060655aff3af1f0c5d20f46b57f262ab6c86a5e8", size = 240342 },
    { url = "https://files.pythonhosted.org/packages/0f/ef/94043e478201ffa85b8ae2d2c79b4081e5a1b73438aafafccf3e9bafb6b5/coverage-7.6.1-cp312-cp312-manylinux_2_5_i686.manylinux1_i686.manylinux_2_17_i686.manylinux2014_i686.whl", hash = "sha256:07e2ca0ad381b91350c0ed49d52699b625aab2b44b65e1b4e02fa9df0e92ad2d", size = 237371 },
    { url = "https://files.pythonhosted.org/packages/1f/0f/c890339dd605f3ebc269543247bdd43b703cce6825b5ed42ff5f2d6122c7/coverage-7.6.1-cp312-cp312-manylinux_2_5_x86_64.manylinux1_x86_64.manylinux_2_17_x86_64.manylinux2014_x86_64.whl", hash = "sha256:c44fee9975f04b33331cb8eb272827111efc8930cfd582e0320613263ca849ca", size = 239455 },
    { url = "https://files.pythonhosted.org/packages/d1/04/7fd7b39ec7372a04efb0f70c70e35857a99b6a9188b5205efb4c77d6a57a/coverage-7.6.1-cp312-cp312-musllinux_1_2_aarch64.whl", hash = "sha256:877abb17e6339d96bf08e7a622d05095e72b71f8afd8a9fefc82cf30ed944163", size = 238924 },
    { url = "https://files.pythonhosted.org/packages/ed/bf/73ce346a9d32a09cf369f14d2a06651329c984e106f5992c89579d25b27e/coverage-7.6.1-cp312-cp312-musllinux_1_2_i686.whl", hash = "sha256:3e0cadcf6733c09154b461f1ca72d5416635e5e4ec4e536192180d34ec160f8a", size = 237252 },
    { url = "https://files.pythonhosted.org/packages/86/74/1dc7a20969725e917b1e07fe71a955eb34bc606b938316bcc799f228374b/coverage-7.6.1-cp312-cp312-musllinux_1_2_x86_64.whl", hash = "sha256:c3c02d12f837d9683e5ab2f3d9844dc57655b92c74e286c262e0fc54213c216d", size = 238897 },
    { url = "https://files.pythonhosted.org/packages/b6/e9/d9cc3deceb361c491b81005c668578b0dfa51eed02cd081620e9a62f24ec/coverage-7.6.1-cp312-cp312-win32.whl", hash = "sha256:e05882b70b87a18d937ca6768ff33cc3f72847cbc4de4491c8e73880766718e5", size = 209606 },
    { url = "https://files.pythonhosted.org/packages/47/c8/5a2e41922ea6740f77d555c4d47544acd7dc3f251fe14199c09c0f5958d3/coverage-7.6.1-cp312-cp312-win_amd64.whl", hash = "sha256:b5d7b556859dd85f3a541db6a4e0167b86e7273e1cdc973e5b175166bb634fdb", size = 210373 },
    { url = "https://files.pythonhosted.org/packages/8c/f9/9aa4dfb751cb01c949c990d136a0f92027fbcc5781c6e921df1cb1563f20/coverage-7.6.1-cp313-cp313-macosx_10_13_x86_64.whl", hash = "sha256:a4acd025ecc06185ba2b801f2de85546e0b8ac787cf9d3b06e7e2a69f925b106", size = 207007 },
    { url = "https://files.pythonhosted.org/packages/b9/67/e1413d5a8591622a46dd04ff80873b04c849268831ed5c304c16433e7e30/coverage-7.6.1-cp313-cp313-macosx_11_0_arm64.whl", hash = "sha256:a6d3adcf24b624a7b778533480e32434a39ad8fa30c315208f6d3e5542aeb6e9", size = 207269 },
    { url = "https://files.pythonhosted.org/packages/14/5b/9dec847b305e44a5634d0fb8498d135ab1d88330482b74065fcec0622224/coverage-7.6.1-cp313-cp313-manylinux_2_17_aarch64.manylinux2014_aarch64.whl", hash = "sha256:d0c212c49b6c10e6951362f7c6df3329f04c2b1c28499563d4035d964ab8e08c", size = 239886 },
    { url = "https://files.pythonhosted.org/packages/7b/b7/35760a67c168e29f454928f51f970342d23cf75a2bb0323e0f07334c85f3/coverage-7.6.1-cp313-cp313-manylinux_2_5_i686.manylinux1_i686.manylinux_2_17_i686.manylinux2014_i686.whl", hash = "sha256:6e81d7a3e58882450ec4186ca59a3f20a5d4440f25b1cff6f0902ad890e6748a", size = 237037 },
    { url = "https://files.pythonhosted.org/packages/f7/95/d2fd31f1d638df806cae59d7daea5abf2b15b5234016a5ebb502c2f3f7ee/coverage-7.6.1-cp313-cp313-manylinux_2_5_x86_64.manylinux1_x86_64.manylinux_2_17_x86_64.manylinux2014_x86_64.whl", hash = "sha256:78b260de9790fd81e69401c2dc8b17da47c8038176a79092a89cb2b7d945d060", size = 239038 },
    { url = "https://files.pythonhosted.org/packages/6e/bd/110689ff5752b67924efd5e2aedf5190cbbe245fc81b8dec1abaffba619d/coverage-7.6.1-cp313-cp313-musllinux_1_2_aarch64.whl", hash = "sha256:a78d169acd38300060b28d600344a803628c3fd585c912cacc9ea8790fe96862", size = 238690 },
    { url = "https://files.pythonhosted.org/packages/d3/a8/08d7b38e6ff8df52331c83130d0ab92d9c9a8b5462f9e99c9f051a4ae206/coverage-7.6.1-cp313-cp313-musllinux_1_2_i686.whl", hash = "sha256:2c09f4ce52cb99dd7505cd0fc8e0e37c77b87f46bc9c1eb03fe3bc9991085388", size = 236765 },
    { url = "https://files.pythonhosted.org/packages/d6/6a/9cf96839d3147d55ae713eb2d877f4d777e7dc5ba2bce227167d0118dfe8/coverage-7.6.1-cp313-cp313-musllinux_1_2_x86_64.whl", hash = "sha256:6878ef48d4227aace338d88c48738a4258213cd7b74fd9a3d4d7582bb1d8a155", size = 238611 },
    { url = "https://files.pythonhosted.org/packages/74/e4/7ff20d6a0b59eeaab40b3140a71e38cf52547ba21dbcf1d79c5a32bba61b/coverage-7.6.1-cp313-cp313-win32.whl", hash = "sha256:44df346d5215a8c0e360307d46ffaabe0f5d3502c8a1cefd700b34baf31d411a", size = 209671 },
    { url = "https://files.pythonhosted.org/packages/35/59/1812f08a85b57c9fdb6d0b383d779e47b6f643bc278ed682859512517e83/coverage-7.6.1-cp313-cp313-win_amd64.whl", hash = "sha256:8284cf8c0dd272a247bc154eb6c95548722dce90d098c17a883ed36e67cdb129", size = 210368 },
    { url = "https://files.pythonhosted.org/packages/9c/15/08913be1c59d7562a3e39fce20661a98c0a3f59d5754312899acc6cb8a2d/coverage-7.6.1-cp313-cp313t-macosx_10_13_x86_64.whl", hash = "sha256:d3296782ca4eab572a1a4eca686d8bfb00226300dcefdf43faa25b5242ab8a3e", size = 207758 },
    { url = "https://files.pythonhosted.org/packages/c4/ae/b5d58dff26cade02ada6ca612a76447acd69dccdbb3a478e9e088eb3d4b9/coverage-7.6.1-cp313-cp313t-macosx_11_0_arm64.whl", hash = "sha256:502753043567491d3ff6d08629270127e0c31d4184c4c8d98f92c26f65019962", size = 208035 },
    { url = "https://files.pythonhosted.org/packages/b8/d7/62095e355ec0613b08dfb19206ce3033a0eedb6f4a67af5ed267a8800642/coverage-7.6.1-cp313-cp313t-manylinux_2_17_aarch64.manylinux2014_aarch64.whl", hash = "sha256:6a89ecca80709d4076b95f89f308544ec8f7b4727e8a547913a35f16717856cb", size = 250839 },
    { url = "https://files.pythonhosted.org/packages/7c/1e/c2967cb7991b112ba3766df0d9c21de46b476d103e32bb401b1b2adf3380/coverage-7.6.1-cp313-cp313t-manylinux_2_5_i686.manylinux1_i686.manylinux_2_17_i686.manylinux2014_i686.whl", hash = "sha256:a318d68e92e80af8b00fa99609796fdbcdfef3629c77c6283566c6f02c6d6704", size = 246569 },
    { url = "https://files.pythonhosted.org/packages/8b/61/a7a6a55dd266007ed3b1df7a3386a0d760d014542d72f7c2c6938483b7bd/coverage-7.6.1-cp313-cp313t-manylinux_2_5_x86_64.manylinux1_x86_64.manylinux_2_17_x86_64.manylinux2014_x86_64.whl", hash = "sha256:13b0a73a0896988f053e4fbb7de6d93388e6dd292b0d87ee51d106f2c11b465b", size = 248927 },
    { url = "https://files.pythonhosted.org/packages/c8/fa/13a6f56d72b429f56ef612eb3bc5ce1b75b7ee12864b3bd12526ab794847/coverage-7.6.1-cp313-cp313t-musllinux_1_2_aarch64.whl", hash = "sha256:4421712dbfc5562150f7554f13dde997a2e932a6b5f352edcce948a815efee6f", size = 248401 },
    { url = "https://files.pythonhosted.org/packages/75/06/0429c652aa0fb761fc60e8c6b291338c9173c6aa0f4e40e1902345b42830/coverage-7.6.1-cp313-cp313t-musllinux_1_2_i686.whl", hash = "sha256:166811d20dfea725e2e4baa71fffd6c968a958577848d2131f39b60043400223", size = 246301 },
    { url = "https://files.pythonhosted.org/packages/52/76/1766bb8b803a88f93c3a2d07e30ffa359467810e5cbc68e375ebe6906efb/coverage-7.6.1-cp313-cp313t-musllinux_1_2_x86_64.whl", hash = "sha256:225667980479a17db1048cb2bf8bfb39b8e5be8f164b8f6628b64f78a72cf9d3", size = 247598 },
    { url = "https://files.pythonhosted.org/packages/66/8b/f54f8db2ae17188be9566e8166ac6df105c1c611e25da755738025708d54/coverage-7.6.1-cp313-cp313t-win32.whl", hash = "sha256:170d444ab405852903b7d04ea9ae9b98f98ab6d7e63e1115e82620807519797f", size = 210307 },
    { url = "https://files.pythonhosted.org/packages/9f/b0/e0dca6da9170aefc07515cce067b97178cefafb512d00a87a1c717d2efd5/coverage-7.6.1-cp313-cp313t-win_amd64.whl", hash = "sha256:b9f222de8cded79c49bf184bdbc06630d4c58eec9459b939b4a690c82ed05657", size = 211453 },
    { url = "https://files.pythonhosted.org/packages/a5/2b/0354ed096bca64dc8e32a7cbcae28b34cb5ad0b1fe2125d6d99583313ac0/coverage-7.6.1-pp38.pp39.pp310-none-any.whl", hash = "sha256:e9a6e0eb86070e8ccaedfbd9d38fec54864f3125ab95419970575b42af7541df", size = 198926 },
]

[package.optional-dependencies]
toml = [
    { name = "tomli", marker = "python_full_version <= '3.11'" },
]

[[package]]
name = "exceptiongroup"
version = "1.2.2"
source = { registry = "https://pypi.org/simple" }
sdist = { url = "https://files.pythonhosted.org/packages/09/35/2495c4ac46b980e4ca1f6ad6db102322ef3ad2410b79fdde159a4b0f3b92/exceptiongroup-1.2.2.tar.gz", hash = "sha256:47c2edf7c6738fafb49fd34290706d1a1a2f4d1c6df275526b62cbb4aa5393cc", size = 28883 }
wheels = [
    { url = "https://files.pythonhosted.org/packages/02/cc/b7e31358aac6ed1ef2bb790a9746ac2c69bcb3c8588b41616914eb106eaf/exceptiongroup-1.2.2-py3-none-any.whl", hash = "sha256:3111b9d131c238bec2f8f516e123e14ba243563fb135d3fe885990585aa7795b", size = 16453 },
]

[[package]]
name = "iniconfig"
version = "2.0.0"
source = { registry = "https://pypi.org/simple" }
sdist = { url = "https://files.pythonhosted.org/packages/d7/4b/cbd8e699e64a6f16ca3a8220661b5f83792b3017d0f79807cb8708d33913/iniconfig-2.0.0.tar.gz", hash = "sha256:2d91e135bf72d31a410b17c16da610a82cb55f6b0477d1a902134b24a455b8b3", size = 4646 }
wheels = [
    { url = "https://files.pythonhosted.org/packages/ef/a6/62565a6e1cf69e10f5727360368e451d4b7f58beeac6173dc9db836a5b46/iniconfig-2.0.0-py3-none-any.whl", hash = "sha256:b6a85871a79d2e3b22d2d1b94ac2824226a63c6b741c88f7ae975f18b6778374", size = 5892 },
]

[[package]]
name = "packaging"
version = "24.1"
source = { registry = "https://pypi.org/simple" }
sdist = { url = "https://files.pythonhosted.org/packages/51/65/50db4dda066951078f0a96cf12f4b9ada6e4b811516bf0262c0f4f7064d4/packaging-24.1.tar.gz", hash = "sha256:026ed72c8ed3fcce5bf8950572258698927fd1dbda10a5e981cdf0ac37f4f002", size = 148788 }
wheels = [
    { url = "https://files.pythonhosted.org/packages/08/aa/cc0199a5f0ad350994d660967a8efb233fe0416e4639146c089643407ce6/packaging-24.1-py3-none-any.whl", hash = "sha256:5b8f2217dbdbd2f7f384c41c628544e6d52f2d0f53c6d0c3ea61aa5d1d7ff124", size = 53985 },
]

[[package]]
name = "pireal"
version = "4.0"
source = { editable = "." }
dependencies = [
    { name = "packaging" },
    { name = "pyqt6" },
]

[package.dev-dependencies]
dev = [
    { name = "pytest" },
    { name = "pytest-cov" },
    { name = "ruff" },
]

[package.metadata]
requires-dist = [
    { name = "packaging", specifier = ">=24.1" },
    { name = "pyqt6", specifier = ">=6.7.1" },
]

[package.metadata.requires-dev]
dev = [
    { name = "pytest", specifier = ">=8.3.3" },
    { name = "pytest-cov", specifier = ">=5.0.0" },
    { name = "ruff", specifier = ">=0.6.7" },
]

[[package]]
name = "pluggy"
version = "1.5.0"
source = { registry = "https://pypi.org/simple" }
sdist = { url = "https://files.pythonhosted.org/packages/96/2d/02d4312c973c6050a18b314a5ad0b3210edb65a906f868e31c111dede4a6/pluggy-1.5.0.tar.gz", hash = "sha256:2cffa88e94fdc978c4c574f15f9e59b7f4201d439195c3715ca9e2486f1d0cf1", size = 67955 }
wheels = [
    { url = "https://files.pythonhosted.org/packages/88/5f/e351af9a41f866ac3f1fac4ca0613908d9a41741cfcf2228f4ad853b697d/pluggy-1.5.0-py3-none-any.whl", hash = "sha256:44e1ad92c8ca002de6377e165f3e0f1be63266ab4d554740532335b9d75ea669", size = 20556 },
]

[[package]]
name = "pyqt6"
version = "6.7.1"
source = { registry = "https://pypi.org/simple" }
dependencies = [
    { name = "pyqt6-qt6" },
    { name = "pyqt6-sip" },
]
sdist = { url = "https://files.pythonhosted.org/packages/d1/f9/b0c2ba758b14a7219e076138ea1e738c068bf388e64eee68f3df4fc96f5a/PyQt6-6.7.1.tar.gz", hash = "sha256:3672a82ccd3a62e99ab200a13903421e2928e399fda25ced98d140313ad59cb9", size = 1051212 }
wheels = [
    { url = "https://files.pythonhosted.org/packages/45/b0/20a05cfe287a1bc5a034cfed002bb1999f71c15e53a6ab7886c010ea0ba3/PyQt6-6.7.1-1-cp38-abi3-manylinux_2_28_aarch64.whl", hash = "sha256:7f397f4b38b23b5588eb2c0933510deb953d96b1f0323a916c4839c2a66ccccc", size = 8020146 },
    { url = "https://files.pythonhosted.org/packages/e4/d3/8789879c05cfe06127c4b59258632bd175fcdd9eaaadaf0c897b458fb91d/PyQt6-6.7.1-1-cp38-abi3-manylinux_2_28_x86_64.whl", hash = "sha256:c2f202b7941aa74e5c7e1463a6f27d9131dbc1e6cabe85571d7364f5b3de7397", size = 8227345 },
    { url = "https://files.pythonhosted.org/packages/15/2b/a0c516931697214dcb93b24a62f54b7467194ba1c76f3f7a55cb3a120cc9/PyQt6-6.7.1-cp38-abi3-macosx_11_0_universal2.whl", hash = "sha256:f053378e3aef6248fa612c8afddda17f942fb63f9fe8a9aeb2a6b6b4cbb0eba9", size = 11871174 },
    { url = "https://files.pythonhosted.org/packages/59/8c/3b528f5fa8dfc3d0ba07d8da37ea72dfc59352d80804a12507d7080efb30/PyQt6-6.7.1-cp38-abi3-manylinux_2_28_aarch64.whl", hash = "sha256:0adb7914c732ad1dee46d9cec838a98cb2b11bc38cc3b7b36fbd8701ae64bf47", size = 7999939 },
    { url = "https://files.pythonhosted.org/packages/d8/58/5082dd3654da2b17de19057f181526df566f38af90f517cb8a541bea0890/PyQt6-6.7.1-cp38-abi3-manylinux_2_28_x86_64.whl", hash = "sha256:2d771fa0981514cb1ee937633dfa64f14caa902707d9afffab66677f3a73e3da", size = 8177790 },
    { url = "https://files.pythonhosted.org/packages/a3/69/99d22ee685c08a99fcf2048d366fe6173ba6e43ee13b95a3a2ac2911c52c/PyQt6-6.7.1-cp38-abi3-win_amd64.whl", hash = "sha256:fa3954698233fe286a8afc477b84d8517f0788eb46b74da69d3ccc0170d3714c", size = 6596360 },
]

[[package]]
name = "pyqt6-qt6"
version = "6.7.2"
source = { registry = "https://pypi.org/simple" }
wheels = [
    { url = "https://files.pythonhosted.org/packages/10/38/ba0313442c5e4327d52e6c48d2bb4b39099bf1d191bd872edfd8bb1392ef/PyQt6_Qt6-6.7.2-py3-none-macosx_10_14_x86_64.whl", hash = "sha256:065415589219a2f364aba29d6a98920bb32810286301acbfa157e522d30369e3", size = 57914426 },
    { url = "https://files.pythonhosted.org/packages/7e/9d/517b12a42b0692c909ed348545114dae7d0b4014ef9075e18f6bf48834a1/PyQt6_Qt6-6.7.2-py3-none-macosx_11_0_arm64.whl", hash = "sha256:7f817efa86a0e8eda9152c85b73405463fbf3266299090f32bbb2266da540ead", size = 53546572 },
    { url = "https://files.pythonhosted.org/packages/cc/c4/662a0218da12ff16ee5fb87bb4c48fd972f7f55a5b60804d428b26d8e0ed/PyQt6_Qt6-6.7.2-py3-none-manylinux_2_28_aarch64.whl", hash = "sha256:05f2c7d195d316d9e678a92ecac0252a24ed175bd2444cc6077441807d756580", size = 64090179 },
    { url = "https://files.pythonhosted.org/packages/d1/ec/98a16d0609fda59866ad65aa37fb028b60ead4a9a8f405059ebd0e108766/PyQt6_Qt6-6.7.2-py3-none-manylinux_2_28_x86_64.whl", hash = "sha256:fc93945eaef4536d68bd53566535efcbe78a7c05c2a533790a8fd022bac8bfaa", size = 74324521 },
    { url = "https://files.pythonhosted.org/packages/c9/15/b88c88b7c530f0e0358c38024edbab60c51f8aa2679f9da398c524d89906/PyQt6_Qt6-6.7.2-py3-none-win_amd64.whl", hash = "sha256:b2d7e5ddb1b9764cd60f1d730fa7bf7a1f0f61b2630967c81761d3d0a5a8a2e0", size = 66394165 },
]

[[package]]
name = "pyqt6-sip"
version = "13.8.0"
source = { registry = "https://pypi.org/simple" }
sdist = { url = "https://files.pythonhosted.org/packages/e9/b7/95ac49b181096ef40144ef05aff8de7c9657de7916a70533d202ed9f0fd2/PyQt6_sip-13.8.0.tar.gz", hash = "sha256:2f74cf3d6d9cab5152bd9f49d570b2dfb87553ebb5c4919abfde27f5b9fd69d4", size = 92264 }
wheels = [
    { url = "https://files.pythonhosted.org/packages/9a/4f/dd03722e9b9810906d7bc48e68a8c29d1092fb90ee7933053e3fed0f8fe4/PyQt6_sip-13.8.0-cp310-cp310-macosx_10_9_universal2.whl", hash = "sha256:cedd554c643e54c4c2e12b5874781a87441a1b405acf3650a4a2e1df42aae231", size = 110518 },
    { url = "https://files.pythonhosted.org/packages/fb/16/716d570e320c3b0fc8a88a4f0ded709d15f025a59c014df83ee0416deafa/PyQt6_sip-13.8.0-cp310-cp310-manylinux_2_17_aarch64.manylinux2014_aarch64.whl", hash = "sha256:f57275b5af774529f9838adcfb58869ba3ebdaf805daea113bb0697a96a3f3cb", size = 293987 },
    { url = "https://files.pythonhosted.org/packages/14/5a/a8ddbfdc38a78a6ca2c0fad452256c60e6885f4af803b69636b6d67e475a/PyQt6_sip-13.8.0-cp310-cp310-manylinux_2_5_x86_64.manylinux1_x86_64.whl", hash = "sha256:835ed22eab977f75fd77e60d4ff308a1fa794b1d0c04849311f36d2a080cdf3b", size = 284564 },
    { url = "https://files.pythonhosted.org/packages/bf/9c/1c13e769f8eb0ec63b6dc5238ba5ad1bcfa0d46672457b1b7dd6c0e66160/PyQt6_sip-13.8.0-cp310-cp310-win_amd64.whl", hash = "sha256:d8b22a6850917c68ce83fc152a8b606ecb2efaaeed35be53110468885d6cdd9d", size = 53305 },
    { url = "https://files.pythonhosted.org/packages/79/ea/804a8c9c0fb0adb2412524b99458810c146fb6fc5a381a64b869afee5f00/PyQt6_sip-13.8.0-cp311-cp311-macosx_10_9_universal2.whl", hash = "sha256:b203b6fbae4a8f2d27f35b7df46200057033d9ecd9134bcf30e3eab66d43572c", size = 110481 },
    { url = "https://files.pythonhosted.org/packages/1e/b3/66ba2db2baa674b24c55823bac2b6a2195859c069d3569eb93a570626149/PyQt6_sip-13.8.0-cp311-cp311-manylinux_2_17_aarch64.manylinux2014_aarch64.whl", hash = "sha256:beaddc1ec96b342f4e239702f91802706a80cb403166c2da318cec4ad8b790cb", size = 304588 },
    { url = "https://files.pythonhosted.org/packages/4f/db/f453a866d5bdadc98a48f457f6af0794ea0de5b806156eb9d74c7b25a08e/PyQt6_sip-13.8.0-cp311-cp311-manylinux_2_5_x86_64.manylinux1_x86_64.whl", hash = "sha256:a5c086b7c9c7996ea9b7522646cc24eebbf3591ec9dd38f65c0a3fdb0dbeaac7", size = 293948 },
    { url = "https://files.pythonhosted.org/packages/73/e0/311b9b4bdc972bedd30f14badd4b6a70c5200f302a7557f9e7bfd5f03854/PyQt6_sip-13.8.0-cp311-cp311-win_amd64.whl", hash = "sha256:dd168667addf01f8a4b0fa7755323e43e4cd12ca4bade558c61f713a5d48ba1a", size = 53303 },
    { url = "https://files.pythonhosted.org/packages/f0/db/e505fa9a42fffe9425d176d449b3c07af01af7bd6d457963d17ad2e2c391/PyQt6_sip-13.8.0-cp312-cp312-macosx_10_9_universal2.whl", hash = "sha256:33d9b399fc9c9dc99496266842b0fb2735d924604774e97cf9b555667cc0fc59", size = 112121 },
    { url = "https://files.pythonhosted.org/packages/36/35/b824bb051cfc9a707b529ea66cf1af5717d37ffe0949d90c91ab2ab94c1d/PyQt6_sip-13.8.0-cp312-cp312-manylinux_2_17_aarch64.manylinux2014_aarch64.whl", hash = "sha256:056af69d1d8d28d5968066ec5da908afd82fc0be07b67cf2b84b9f02228416ce", size = 311858 },
    { url = "https://files.pythonhosted.org/packages/fa/54/77b4e08135ca98384d378917dd2da02a5bc86a7fb190fa4a22dccc826492/PyQt6_sip-13.8.0-cp312-cp312-manylinux_2_5_x86_64.manylinux1_x86_64.whl", hash = "sha256:08dd81037a2864982ece2bf9891f3bf4558e247034e112993ea1a3fe239458cb", size = 303451 },
    { url = "https://files.pythonhosted.org/packages/36/38/e84b5c2c1a4594f3b72972a28b0c72fd494e2769bf4f182cc30f68e766ec/PyQt6_sip-13.8.0-cp312-cp312-win_amd64.whl", hash = "sha256:fbb249b82c53180f1420571ece5dc24fea1188ba435923edd055599dffe7abfb", size = 53409 },
]

[[package]]
name = "pytest"
version = "8.3.3"
source = { registry = "https://pypi.org/simple" }
dependencies = [
    { name = "colorama", marker = "sys_platform == 'win32'" },
    { name = "exceptiongroup", marker = "python_full_version < '3.11'" },
    { name = "iniconfig" },
    { name = "packaging" },
    { name = "pluggy" },
    { name = "tomli", marker = "python_full_version < '3.11'" },
]
sdist = { url = "https://files.pythonhosted.org/packages/8b/6c/62bbd536103af674e227c41a8f3dcd022d591f6eed5facb5a0f31ee33bbc/pytest-8.3.3.tar.gz", hash = "sha256:70b98107bd648308a7952b06e6ca9a50bc660be218d53c257cc1fc94fda10181", size = 1442487 }
wheels = [
    { url = "https://files.pythonhosted.org/packages/6b/77/7440a06a8ead44c7757a64362dd22df5760f9b12dc5f11b6188cd2fc27a0/pytest-8.3.3-py3-none-any.whl", hash = "sha256:a6853c7375b2663155079443d2e45de913a911a11d669df02a50814944db57b2", size = 342341 },
]

[[package]]
name = "pytest-cov"
version = "5.0.0"
source = { registry = "https://pypi.org/simple" }
dependencies = [
    { name = "coverage", extra = ["toml"] },
    { name = "pytest" },
]
sdist = { url = "https://files.pythonhosted.org/packages/74/67/00efc8d11b630c56f15f4ad9c7f9223f1e5ec275aaae3fa9118c6a223ad2/pytest-cov-5.0.0.tar.gz", hash = "sha256:5837b58e9f6ebd335b0f8060eecce69b662415b16dc503883a02f45dfeb14857", size = 63042 }
wheels = [
    { url = "https://files.pythonhosted.org/packages/78/3a/af5b4fa5961d9a1e6237b530eb87dd04aea6eb83da09d2a4073d81b54ccf/pytest_cov-5.0.0-py3-none-any.whl", hash = "sha256:4f0764a1219df53214206bf1feea4633c3b558a2925c8b59f144f682861ce652", size = 21990 },
]

[[package]]
name = "ruff"
version = "0.6.7"
source = { registry = "https://pypi.org/simple" }
sdist = { url = "https://files.pythonhosted.org/packages/8d/7c/3045a526c57cef4b5ec4d5d154692e31429749a49810a53e785de334c4f6/ruff-0.6.7.tar.gz", hash = "sha256:44e52129d82266fa59b587e2cd74def5637b730a69c4542525dfdecfaae38bd5", size = 3073785 }
wheels = [
    { url = "https://files.pythonhosted.org/packages/22/c4/1c5c636f83f905c537785016e9cdd7a36df53c025a2d07940580ecb37bcf/ruff-0.6.7-py3-none-linux_armv6l.whl", hash = "sha256:08277b217534bfdcc2e1377f7f933e1c7957453e8a79764d004e44c40db923f2", size = 10336748 },
    { url = "https://files.pythonhosted.org/packages/84/d9/aa15a56be7ad796f4d7625362aff588f9fc013bbb7323a63571628a2cf2d/ruff-0.6.7-py3-none-macosx_10_12_x86_64.whl", hash = "sha256:c6707a32e03b791f4448dc0dce24b636cbcdee4dd5607adc24e5ee73fd86c00a", size = 9958833 },
    { url = "https://files.pythonhosted.org/packages/27/25/5dd1c32bfc3ad3136c8ebe84312d1bdd2e6c908ac7f60692ec009b7050a8/ruff-0.6.7-py3-none-macosx_11_0_arm64.whl", hash = "sha256:533d66b7774ef224e7cf91506a7dafcc9e8ec7c059263ec46629e54e7b1f90ab", size = 9633369 },
    { url = "https://files.pythonhosted.org/packages/0e/3e/01b25484f3cb08fe6fddedf1f55f3f3c0af861a5b5f5082fbe60ab4b2596/ruff-0.6.7-py3-none-manylinux_2_17_aarch64.manylinux2014_aarch64.whl", hash = "sha256:17a86aac6f915932d259f7bec79173e356165518859f94649d8c50b81ff087e9", size = 10637415 },
    { url = "https://files.pythonhosted.org/packages/8a/c9/5bb9b849e4777e0f961de43edf95d2af0ab34999a5feee957be096887876/ruff-0.6.7-py3-none-manylinux_2_17_armv7l.manylinux2014_armv7l.whl", hash = "sha256:b3f8822defd260ae2460ea3832b24d37d203c3577f48b055590a426a722d50ef", size = 10097389 },
    { url = "https://files.pythonhosted.org/packages/52/cf/e08f1c290c7d848ddfb2ae811f24f445c18e1d3e50e01c38ffa7f5a50494/ruff-0.6.7-py3-none-manylinux_2_17_i686.manylinux2014_i686.whl", hash = "sha256:9ba4efe5c6dbbb58be58dd83feedb83b5e95c00091bf09987b4baf510fee5c99", size = 10951440 },
    { url = "https://files.pythonhosted.org/packages/a2/2d/ca8aa0da5841913c302d8034c6de0ce56c401c685184d8dd23cfdd0003f9/ruff-0.6.7-py3-none-manylinux_2_17_ppc64.manylinux2014_ppc64.whl", hash = "sha256:525201b77f94d2b54868f0cbe5edc018e64c22563da6c5c2e5c107a4e85c1c0d", size = 11708900 },
    { url = "https://files.pythonhosted.org/packages/89/fc/9a83c57baee977c82392e19a328b52cebdaf61601af3d99498e278ef5104/ruff-0.6.7-py3-none-manylinux_2_17_ppc64le.manylinux2014_ppc64le.whl", hash = "sha256:8854450839f339e1049fdbe15d875384242b8e85d5c6947bb2faad33c651020b", size = 11258892 },
    { url = "https://files.pythonhosted.org/packages/d3/a3/254cc7afef702c68ae9079290c2a1477ae0e81478589baf745026d8a4eb5/ruff-0.6.7-py3-none-manylinux_2_17_s390x.manylinux2014_s390x.whl", hash = "sha256:2f0b62056246234d59cbf2ea66e84812dc9ec4540518e37553513392c171cb18", size = 12367932 },
    { url = "https://files.pythonhosted.org/packages/9f/55/53f10c1bd8c3b2ae79aed18e62b22c6346f9296aa0ec80489b8442bd06a9/ruff-0.6.7-py3-none-manylinux_2_17_x86_64.manylinux2014_x86_64.whl", hash = "sha256:6b1462fa56c832dc0cea5b4041cfc9c97813505d11cce74ebc6d1aae068de36b", size = 10838629 },
    { url = "https://files.pythonhosted.org/packages/84/72/fb335c2b25432c63d15383ecbd7bfc1915e68cdf8d086a08042052144255/ruff-0.6.7-py3-none-musllinux_1_2_aarch64.whl", hash = "sha256:02b083770e4cdb1495ed313f5694c62808e71764ec6ee5db84eedd82fd32d8f5", size = 10648824 },
    { url = "https://files.pythonhosted.org/packages/92/a8/d57e135a8ad99b6a0c6e2a5c590bcacdd57f44340174f4409c3893368610/ruff-0.6.7-py3-none-musllinux_1_2_armv7l.whl", hash = "sha256:0c05fd37013de36dfa883a3854fae57b3113aaa8abf5dea79202675991d48624", size = 10174368 },
    { url = "https://files.pythonhosted.org/packages/a7/6f/1a30a6e81dcf2fa9ff3f7011eb87fe76c12a3c6bba74db6a1977d763de1f/ruff-0.6.7-py3-none-musllinux_1_2_i686.whl", hash = "sha256:f49c9caa28d9bbfac4a637ae10327b3db00f47d038f3fbb2195c4d682e925b14", size = 10514383 },
    { url = "https://files.pythonhosted.org/packages/0b/25/df6f2575bc9fe43a6dedfd8dee12896f09a94303e2c828d5f85856bb69a0/ruff-0.6.7-py3-none-musllinux_1_2_x86_64.whl", hash = "sha256:a0e1655868164e114ba43a908fd2d64a271a23660195017c17691fb6355d59bb", size = 10902340 },
    { url = "https://files.pythonhosted.org/packages/68/62/f2c1031e2fb7b94f9bf0603744e73db4ef90081b0eb1b9639a6feefd52ea/ruff-0.6.7-py3-none-win32.whl", hash = "sha256:a939ca435b49f6966a7dd64b765c9df16f1faed0ca3b6f16acdf7731969deb35", size = 8448033 },
    { url = "https://files.pythonhosted.org/packages/97/80/193d1604a3f7d75eb1b2a7ce6bf0fdbdbc136889a65caacea6ffb29501b1/ruff-0.6.7-py3-none-win_amd64.whl", hash = "sha256:590445eec5653f36248584579c06252ad2e110a5d1f32db5420de35fb0e1c977", size = 9273543 },
    { url = "https://files.pythonhosted.org/packages/8e/a8/4abb5a9f58f51e4b1ea386be5ab2e547035bc1ee57200d1eca2f8909a33e/ruff-0.6.7-py3-none-win_arm64.whl", hash = "sha256:b28f0d5e2f771c1fe3c7a45d3f53916fc74a480698c4b5731f0bea61e52137c8", size = 8618044 },
]

[[package]]
name = "tomli"
version = "2.0.1"
source = { registry = "https://pypi.org/simple" }
sdist = { url = "https://files.pythonhosted.org/packages/c0/3f/d7af728f075fb08564c5949a9c95e44352e23dee646869fa104a3b2060a3/tomli-2.0.1.tar.gz", hash = "sha256:de526c12914f0c550d15924c62d72abc48d6fe7364aa87328337a31007fe8a4f", size = 15164 }
wheels = [
    { url = "https://files.pythonhosted.org/packages/97/75/10a9ebee3fd790d20926a90a2547f0bf78f371b2f13aa822c759680ca7b9/tomli-2.0.1-py3-none-any.whl", hash = "sha256:939de3e7a6161af0c887ef91b7d41a53e7c5a1ca976325f429cb46ea9bc30ecc", size = 12757 },
]
